// !$*UTF8*$!
{
	archiveVersion = 1;
	classes = {
	};
	objectVersion = 46;
	objects = {

/* Begin PBXBuildFile section */
		13A133571D9AF08000CCA326 /* AppDelegate.swift in Sources */ = {isa = PBXBuildFile; fileRef = 13A133561D9AF08000CCA326 /* AppDelegate.swift */; };
		13A133591D9AF08000CCA326 /* ViewController.swift in Sources */ = {isa = PBXBuildFile; fileRef = 13A133581D9AF08000CCA326 /* ViewController.swift */; };
		13A1335C1D9AF08000CCA326 /* Main.storyboard in Resources */ = {isa = PBXBuildFile; fileRef = 13A1335A1D9AF08000CCA326 /* Main.storyboard */; };
		13A1335E1D9AF08000CCA326 /* Assets.xcassets in Resources */ = {isa = PBXBuildFile; fileRef = 13A1335D1D9AF08000CCA326 /* Assets.xcassets */; };
		13A133611D9AF08000CCA326 /* LaunchScreen.storyboard in Resources */ = {isa = PBXBuildFile; fileRef = 13A1335F1D9AF08000CCA326 /* LaunchScreen.storyboard */; };
		13A1336C1D9AF08000CCA326 /* FavoritesAppTests.swift in Sources */ = {isa = PBXBuildFile; fileRef = 13A1336B1D9AF08000CCA326 /* FavoritesAppTests.swift */; };
		13A133771D9AF08000CCA326 /* FavoritesAppUITests.swift in Sources */ = {isa = PBXBuildFile; fileRef = 13A133761D9AF08000CCA326 /* FavoritesAppUITests.swift */; };
		13A133851D9AF24E00CCA326 /* Scene2ViewController.swift in Sources */ = {isa = PBXBuildFile; fileRef = 13A133841D9AF24E00CCA326 /* Scene2ViewController.swift */; };
		86123CE21DA2BB4400DB98F8 /* Favorite.swift in Sources */ = {isa = PBXBuildFile; fileRef = 86123CE11DA2BB4400DB98F8 /* Favorite.swift */; };
/* End PBXBuildFile section */

/* Begin PBXContainerItemProxy section */
		13A133681D9AF08000CCA326 /* PBXContainerItemProxy */ = {
			isa = PBXContainerItemProxy;
			containerPortal = 13A1334B1D9AF08000CCA326 /* Project object */;
			proxyType = 1;
			remoteGlobalIDString = 13A133521D9AF08000CCA326;
			remoteInfo = FavoritesApp;
		};
		13A133731D9AF08000CCA326 /* PBXContainerItemProxy */ = {
			isa = PBXContainerItemProxy;
			containerPortal = 13A1334B1D9AF08000CCA326 /* Project object */;
			proxyType = 1;
			remoteGlobalIDString = 13A133521D9AF08000CCA326;
			remoteInfo = FavoritesApp;
		};
/* End PBXContainerItemProxy section */

/* Begin PBXFileReference section */
		13A133531D9AF08000CCA326 /* FavoritesApp.app */ = {isa = PBXFileReference; explicitFileType = wrapper.application; includeInIndex = 0; path = FavoritesApp.app; sourceTree = BUILT_PRODUCTS_DIR; };
		13A133561D9AF08000CCA326 /* AppDelegate.swift */ = {isa = PBXFileReference; lastKnownFileType = sourcecode.swift; path = AppDelegate.swift; sourceTree = "<group>"; };
		13A133581D9AF08000CCA326 /* ViewController.swift */ = {isa = PBXFileReference; lastKnownFileType = sourcecode.swift; path = ViewController.swift; sourceTree = "<group>"; };
		13A1335B1D9AF08000CCA326 /* Base */ = {isa = PBXFileReference; lastKnownFileType = file.storyboard; name = Base; path = Base.lproj/Main.storyboard; sourceTree = "<group>"; };
		13A1335D1D9AF08000CCA326 /* Assets.xcassets */ = {isa = PBXFileReference; lastKnownFileType = folder.assetcatalog; path = Assets.xcassets; sourceTree = "<group>"; };
		13A133601D9AF08000CCA326 /* Base */ = {isa = PBXFileReference; lastKnownFileType = file.storyboard; name = Base; path = Base.lproj/LaunchScreen.storyboard; sourceTree = "<group>"; };
		13A133621D9AF08000CCA326 /* Info.plist */ = {isa = PBXFileReference; lastKnownFileType = text.plist.xml; path = Info.plist; sourceTree = "<group>"; };
		13A133671D9AF08000CCA326 /* FavoritesAppTests.xctest */ = {isa = PBXFileReference; explicitFileType = wrapper.cfbundle; includeInIndex = 0; path = FavoritesAppTests.xctest; sourceTree = BUILT_PRODUCTS_DIR; };
		13A1336B1D9AF08000CCA326 /* FavoritesAppTests.swift */ = {isa = PBXFileReference; lastKnownFileType = sourcecode.swift; path = FavoritesAppTests.swift; sourceTree = "<group>"; };
		13A1336D1D9AF08000CCA326 /* Info.plist */ = {isa = PBXFileReference; lastKnownFileType = text.plist.xml; path = Info.plist; sourceTree = "<group>"; };
		13A133721D9AF08000CCA326 /* FavoritesAppUITests.xctest */ = {isa = PBXFileReference; explicitFileType = wrapper.cfbundle; includeInIndex = 0; path = FavoritesAppUITests.xctest; sourceTree = BUILT_PRODUCTS_DIR; };
		13A133761D9AF08000CCA326 /* FavoritesAppUITests.swift */ = {isa = PBXFileReference; lastKnownFileType = sourcecode.swift; path = FavoritesAppUITests.swift; sourceTree = "<group>"; };
		13A133781D9AF08000CCA326 /* Info.plist */ = {isa = PBXFileReference; lastKnownFileType = text.plist.xml; path = Info.plist; sourceTree = "<group>"; };
		13A133841D9AF24E00CCA326 /* Scene2ViewController.swift */ = {isa = PBXFileReference; fileEncoding = 4; lastKnownFileType = sourcecode.swift; path = Scene2ViewController.swift; sourceTree = "<group>"; };
		86123CE11DA2BB4400DB98F8 /* Favorite.swift */ = {isa = PBXFileReference; fileEncoding = 4; lastKnownFileType = sourcecode.swift; name = Favorite.swift; path = ../Favorite.swift; sourceTree = "<group>"; };
/* End PBXFileReference section */

/* Begin PBXFrameworksBuildPhase section */
		13A133501D9AF08000CCA326 /* Frameworks */ = {
			isa = PBXFrameworksBuildPhase;
			buildActionMask = 2147483647;
			files = (
			);
			runOnlyForDeploymentPostprocessing = 0;
		};
		13A133641D9AF08000CCA326 /* Frameworks */ = {
			isa = PBXFrameworksBuildPhase;
			buildActionMask = 2147483647;
			files = (
			);
			runOnlyForDeploymentPostprocessing = 0;
		};
		13A1336F1D9AF08000CCA326 /* Frameworks */ = {
			isa = PBXFrameworksBuildPhase;
			buildActionMask = 2147483647;
			files = (
			);
			runOnlyForDeploymentPostprocessing = 0;
		};
/* End PBXFrameworksBuildPhase section */

/* Begin PBXGroup section */
		13A1334A1D9AF08000CCA326 = {
			isa = PBXGroup;
			children = (
				13A133551D9AF08000CCA326 /* FavoritesApp */,
				13A1336A1D9AF08000CCA326 /* FavoritesAppTests */,
				13A133751D9AF08000CCA326 /* FavoritesAppUITests */,
				13A133541D9AF08000CCA326 /* Products */,
			);
			sourceTree = "<group>";
		};
		13A133541D9AF08000CCA326 /* Products */ = {
			isa = PBXGroup;
			children = (
				13A133531D9AF08000CCA326 /* FavoritesApp.app */,
				13A133671D9AF08000CCA326 /* FavoritesAppTests.xctest */,
				13A133721D9AF08000CCA326 /* FavoritesAppUITests.xctest */,
			);
			name = Products;
			sourceTree = "<group>";
		};
		13A133551D9AF08000CCA326 /* FavoritesApp */ = {
			isa = PBXGroup;
			children = (
				13A133561D9AF08000CCA326 /* AppDelegate.swift */,
				13A133581D9AF08000CCA326 /* ViewController.swift */,
				13A1335A1D9AF08000CCA326 /* Main.storyboard */,
				86123CE11DA2BB4400DB98F8 /* Favorite.swift */,
				13A133841D9AF24E00CCA326 /* Scene2ViewController.swift */,
				13A1335D1D9AF08000CCA326 /* Assets.xcassets */,
				13A1335F1D9AF08000CCA326 /* LaunchScreen.storyboard */,
				13A133621D9AF08000CCA326 /* Info.plist */,
			);
			path = FavoritesApp;
			sourceTree = "<group>";
		};
		13A1336A1D9AF08000CCA326 /* FavoritesAppTests */ = {
			isa = PBXGroup;
			children = (
				13A1336B1D9AF08000CCA326 /* FavoritesAppTests.swift */,
				13A1336D1D9AF08000CCA326 /* Info.plist */,
			);
			path = FavoritesAppTests;
			sourceTree = "<group>";
		};
		13A133751D9AF08000CCA326 /* FavoritesAppUITests */ = {
			isa = PBXGroup;
			children = (
				13A133761D9AF08000CCA326 /* FavoritesAppUITests.swift */,
				13A133781D9AF08000CCA326 /* Info.plist */,
			);
			path = FavoritesAppUITests;
			sourceTree = "<group>";
		};
/* End PBXGroup section */

/* Begin PBXNativeTarget section */
		13A133521D9AF08000CCA326 /* FavoritesApp */ = {
			isa = PBXNativeTarget;
			buildConfigurationList = 13A1337B1D9AF08000CCA326 /* Build configuration list for PBXNativeTarget "FavoritesApp" */;
			buildPhases = (
				13A1334F1D9AF08000CCA326 /* Sources */,
				13A133501D9AF08000CCA326 /* Frameworks */,
				13A133511D9AF08000CCA326 /* Resources */,
			);
			buildRules = (
			);
			dependencies = (
			);
			name = FavoritesApp;
			productName = FavoritesApp;
			productReference = 13A133531D9AF08000CCA326 /* FavoritesApp.app */;
			productType = "com.apple.product-type.application";
		};
		13A133661D9AF08000CCA326 /* FavoritesAppTests */ = {
			isa = PBXNativeTarget;
			buildConfigurationList = 13A1337E1D9AF08000CCA326 /* Build configuration list for PBXNativeTarget "FavoritesAppTests" */;
			buildPhases = (
				13A133631D9AF08000CCA326 /* Sources */,
				13A133641D9AF08000CCA326 /* Frameworks */,
				13A133651D9AF08000CCA326 /* Resources */,
			);
			buildRules = (
			);
			dependencies = (
				13A133691D9AF08000CCA326 /* PBXTargetDependency */,
			);
			name = FavoritesAppTests;
			productName = FavoritesAppTests;
			productReference = 13A133671D9AF08000CCA326 /* FavoritesAppTests.xctest */;
			productType = "com.apple.product-type.bundle.unit-test";
		};
		13A133711D9AF08000CCA326 /* FavoritesAppUITests */ = {
			isa = PBXNativeTarget;
			buildConfigurationList = 13A133811D9AF08000CCA326 /* Build configuration list for PBXNativeTarget "FavoritesAppUITests" */;
			buildPhases = (
				13A1336E1D9AF08000CCA326 /* Sources */,
				13A1336F1D9AF08000CCA326 /* Frameworks */,
				13A133701D9AF08000CCA326 /* Resources */,
			);
			buildRules = (
			);
			dependencies = (
				13A133741D9AF08000CCA326 /* PBXTargetDependency */,
			);
			name = FavoritesAppUITests;
			productName = FavoritesAppUITests;
			productReference = 13A133721D9AF08000CCA326 /* FavoritesAppUITests.xctest */;
			productType = "com.apple.product-type.bundle.ui-testing";
		};
/* End PBXNativeTarget section */

/* Begin PBXProject section */
		13A1334B1D9AF08000CCA326 /* Project object */ = {
			isa = PBXProject;
			attributes = {
				LastSwiftUpdateCheck = 0730;
				LastUpgradeCheck = 0730;
				ORGANIZATIONNAME = "Rabin Ranabhat";
				TargetAttributes = {
					13A133521D9AF08000CCA326 = {
						CreatedOnToolsVersion = 7.3.1;
					};
					13A133661D9AF08000CCA326 = {
						CreatedOnToolsVersion = 7.3.1;
						TestTargetID = 13A133521D9AF08000CCA326;
					};
					13A133711D9AF08000CCA326 = {
						CreatedOnToolsVersion = 7.3.1;
						TestTargetID = 13A133521D9AF08000CCA326;
					};
				};
			};
			buildConfigurationList = 13A1334E1D9AF08000CCA326 /* Build configuration list for PBXProject "FavoritesApp" */;
			compatibilityVersion = "Xcode 3.2";
			developmentRegion = English;
			hasScannedForEncodings = 0;
			knownRegions = (
				en,
				Base,
			);
			mainGroup = 13A1334A1D9AF08000CCA326;
			productRefGroup = 13A133541D9AF08000CCA326 /* Products */;
			projectDirPath = "";
			projectRoot = "";
			targets = (
				13A133521D9AF08000CCA326 /* FavoritesApp */,
				13A133661D9AF08000CCA326 /* FavoritesAppTests */,
				13A133711D9AF08000CCA326 /* FavoritesAppUITests */,
			);
		};
/* End PBXProject section */

/* Begin PBXResourcesBuildPhase section */
		13A133511D9AF08000CCA326 /* Resources */ = {
			isa = PBXResourcesBuildPhase;
			buildActionMask = 2147483647;
			files = (
				13A133611D9AF08000CCA326 /* LaunchScreen.storyboard in Resources */,
				13A1335E1D9AF08000CCA326 /* Assets.xcassets in Resources */,
				13A1335C1D9AF08000CCA326 /* Main.storyboard in Resources */,
			);
			runOnlyForDeploymentPostprocessing = 0;
		};
		13A133651D9AF08000CCA326 /* Resources */ = {
			isa = PBXResourcesBuildPhase;
			buildActionMask = 2147483647;
			files = (
			);
			runOnlyForDeploymentPostprocessing = 0;
		};
		13A133701D9AF08000CCA326 /* Resources */ = {
			isa = PBXResourcesBuildPhase;
			buildActionMask = 2147483647;
			files = (
			);
			runOnlyForDeploymentPostprocessing = 0;
		};
/* End PBXResourcesBuildPhase section */

/* Begin PBXSourcesBuildPhase section */
		13A1334F1D9AF08000CCA326 /* Sources */ = {
			isa = PBXSourcesBuildPhase;
			buildActionMask = 2147483647;
			files = (
				13A133591D9AF08000CCA326 /* ViewController.swift in Sources */,
				86123CE21DA2BB4400DB98F8 /* Favorite.swift in Sources */,
				13A133571D9AF08000CCA326 /* AppDelegate.swift in Sources */,
				13A133851D9AF24E00CCA326 /* Scene2ViewController.swift in Sources */,
			);
			runOnlyForDeploymentPostprocessing = 0;
		};
		13A133631D9AF08000CCA326 /* Sources */ = {
			isa = PBXSourcesBuildPhase;
			buildActionMask = 2147483647;
			files = (
				13A1336C1D9AF08000CCA326 /* FavoritesAppTests.swift in Sources */,
			);
			runOnlyForDeploymentPostprocessing = 0;
		};
		13A1336E1D9AF08000CCA326 /* Sources */ = {
			isa = PBXSourcesBuildPhase;
			buildActionMask = 2147483647;
			files = (
				13A133771D9AF08000CCA326 /* FavoritesAppUITests.swift in Sources */,
			);
			runOnlyForDeploymentPostprocessing = 0;
		};
/* End PBXSourcesBuildPhase section */

/* Begin PBXTargetDependency section */
		13A133691D9AF08000CCA326 /* PBXTargetDependency */ = {
			isa = PBXTargetDependency;
			target = 13A133521D9AF08000CCA326 /* FavoritesApp */;
			targetProxy = 13A133681D9AF08000CCA326 /* PBXContainerItemProxy */;
		};
		13A133741D9AF08000CCA326 /* PBXTargetDependency */ = {
			isa = PBXTargetDependency;
			target = 13A133521D9AF08000CCA326 /* FavoritesApp */;
			targetProxy = 13A133731D9AF08000CCA326 /* PBXContainerItemProxy */;
		};
/* End PBXTargetDependency section */

/* Begin PBXVariantGroup section */
		13A1335A1D9AF08000CCA326 /* Main.storyboard */ = {
			isa = PBXVariantGroup;
			children = (
				13A1335B1D9AF08000CCA326 /* Base */,
			);
			name = Main.storyboard;
			sourceTree = "<group>";
		};
		13A1335F1D9AF08000CCA326 /* LaunchScreen.storyboard */ = {
			isa = PBXVariantGroup;
			children = (
				13A133601D9AF08000CCA326 /* Base */,
			);
			name = LaunchScreen.storyboard;
			sourceTree = "<group>";
		};
/* End PBXVariantGroup section */

/* Begin XCBuildConfiguration section */
		13A133791D9AF08000CCA326 /* Debug */ = {
			isa = XCBuildConfiguration;
			buildSettings = {
				ALWAYS_SEARCH_USER_PATHS = NO;
				CLANG_ANALYZER_NONNULL = YES;
				CLANG_CXX_LANGUAGE_STANDARD = "gnu++0x";
				CLANG_CXX_LIBRARY = "libc++";
				CLANG_ENABLE_MODULES = YES;
				CLANG_ENABLE_OBJC_ARC = YES;
				CLANG_WARN_BOOL_CONVERSION = YES;
				CLANG_WARN_CONSTANT_CONVERSION = YES;
				CLANG_WARN_DIRECT_OBJC_ISA_USAGE = YES_ERROR;
				CLANG_WARN_EMPTY_BODY = YES;
				CLANG_WARN_ENUM_CONVERSION = YES;
				CLANG_WARN_INT_CONVERSION = YES;
				CLANG_WARN_OBJC_ROOT_CLASS = YES_ERROR;
				CLANG_WARN_UNREACHABLE_CODE = YES;
				CLANG_WARN__DUPLICATE_METHOD_MATCH = YES;
				"CODE_SIGN_IDENTITY[sdk=iphoneos*]" = "iPhone Developer";
				COPY_PHASE_STRIP = NO;
				DEBUG_INFORMATION_FORMAT = dwarf;
				ENABLE_STRICT_OBJC_MSGSEND = YES;
				ENABLE_TESTABILITY = YES;
				GCC_C_LANGUAGE_STANDARD = gnu99;
				GCC_DYNAMIC_NO_PIC = NO;
				GCC_NO_COMMON_BLOCKS = YES;
				GCC_OPTIMIZATION_LEVEL = 0;
				GCC_PREPROCESSOR_DEFINITIONS = (
					"DEBUG=1",
					"$(inherited)",
				);
				GCC_WARN_64_TO_32_BIT_CONVERSION = YES;
				GCC_WARN_ABOUT_RETURN_TYPE = YES_ERROR;
				GCC_WARN_UNDECLARED_SELECTOR = YES;
				GCC_WARN_UNINITIALIZED_AUTOS = YES_AGGRESSIVE;
				GCC_WARN_UNUSED_FUNCTION = YES;
				GCC_WARN_UNUSED_VARIABLE = YES;
				IPHONEOS_DEPLOYMENT_TARGET = 9.3;
				MTL_ENABLE_DEBUG_INFO = YES;
				ONLY_ACTIVE_ARCH = YES;
				SDKROOT = iphoneos;
				SWIFT_OPTIMIZATION_LEVEL = "-Onone";
				TARGETED_DEVICE_FAMILY = "1,2";
			};
			name = Debug;
		};
		13A1337A1D9AF08000CCA326 /* Release */ = {
			isa = XCBuildConfiguration;
			buildSettings = {
				ALWAYS_SEARCH_USER_PATHS = NO;
				CLANG_ANALYZER_NONNULL = YES;
				CLANG_CXX_LANGUAGE_STANDARD = "gnu++0x";
				CLANG_CXX_LIBRARY = "libc++";
				CLANG_ENABLE_MODULES = YES;
				CLANG_ENABLE_OBJC_ARC = YES;
				CLANG_WARN_BOOL_CONVERSION = YES;
				CLANG_WARN_CONSTANT_CONVERSION = YES;
				CLANG_WARN_DIRECT_OBJC_ISA_USAGE = YES_ERROR;
				CLANG_WARN_EMPTY_BODY = YES;
				CLANG_WARN_ENUM_CONVERSION = YES;
				CLANG_WARN_INT_CONVERSION = YES;
				CLANG_WARN_OBJC_ROOT_CLASS = YES_ERROR;
				CLANG_WARN_UNREACHABLE_CODE = YES;
				CLANG_WARN__DUPLICATE_METHOD_MATCH = YES;
				"CODE_SIGN_IDENTITY[sdk=iphoneos*]" = "iPhone Developer";
				COPY_PHASE_STRIP = NO;
				DEBUG_INFORMATION_FORMAT = "dwarf-with-dsym";
				ENABLE_NS_ASSERTIONS = NO;
				ENABLE_STRICT_OBJC_MSGSEND = YES;
				GCC_C_LANGUAGE_STANDARD = gnu99;
				GCC_NO_COMMON_BLOCKS = YES;
				GCC_WARN_64_TO_32_BIT_CONVERSION = YES;
				GCC_WARN_ABOUT_RETURN_TYPE = YES_ERROR;
				GCC_WARN_UNDECLARED_SELECTOR = YES;
				GCC_WARN_UNINITIALIZED_AUTOS = YES_AGGRESSIVE;
				GCC_WARN_UNUSED_FUNCTION = YES;
				GCC_WARN_UNUSED_VARIABLE = YES;
				IPHONEOS_DEPLOYMENT_TARGET = 9.3;
				MTL_ENABLE_DEBUG_INFO = NO;
				SDKROOT = iphoneos;
				TARGETED_DEVICE_FAMILY = "1,2";
				VALIDATE_PRODUCT = YES;
			};
			name = Release;
		};
		13A1337C1D9AF08000CCA326 /* Debug */ = {
			isa = XCBuildConfiguration;
			buildSettings = {
				ASSETCATALOG_COMPILER_APPICON_NAME = AppIcon;
				INFOPLIST_FILE = FavoritesApp/Info.plist;
				LD_RUNPATH_SEARCH_PATHS = "$(inherited) @executable_path/Frameworks";
				PRODUCT_BUNDLE_IDENTIFIER = CU.FavoritesApp;
				PRODUCT_NAME = "$(TARGET_NAME)";
			};
			name = Debug;
		};
		13A1337D1D9AF08000CCA326 /* Release */ = {
			isa = XCBuildConfiguration;
			buildSettings = {
				ASSETCATALOG_COMPILER_APPICON_NAME = AppIcon;
				INFOPLIST_FILE = FavoritesApp/Info.plist;
				LD_RUNPATH_SEARCH_PATHS = "$(inherited) @executable_path/Frameworks";
				PRODUCT_BUNDLE_IDENTIFIER = CU.FavoritesApp;
				PRODUCT_NAME = "$(TARGET_NAME)";
			};
			name = Release;
		};
		13A1337F1D9AF08000CCA326 /* Debug */ = {
			isa = XCBuildConfiguration;
			buildSettings = {
				BUNDLE_LOADER = "$(TEST_HOST)";
				INFOPLIST_FILE = FavoritesAppTests/Info.plist;
				LD_RUNPATH_SEARCH_PATHS = "$(inherited) @executable_path/Frameworks @loader_path/Frameworks";
				PRODUCT_BUNDLE_IDENTIFIER = CU.FavoritesAppTests;
				PRODUCT_NAME = "$(TARGET_NAME)";
				TEST_HOST = "$(BUILT_PRODUCTS_DIR)/FavoritesApp.app/FavoritesApp";
			};
			name = Debug;
		};
		13A133801D9AF08000CCA326 /* Release */ = {
			isa = XCBuildConfiguration;
			buildSettings = {
				BUNDLE_LOADER = "$(TEST_HOST)";
				INFOPLIST_FILE = FavoritesAppTests/Info.plist;
				LD_RUNPATH_SEARCH_PATHS = "$(inherited) @executable_path/Frameworks @loader_path/Frameworks";
				PRODUCT_BUNDLE_IDENTIFIER = CU.FavoritesAppTests;
				PRODUCT_NAME = "$(TARGET_NAME)";
				TEST_HOST = "$(BUILT_PRODUCTS_DIR)/FavoritesApp.app/FavoritesApp";
			};
			name = Release;
		};
		13A133821D9AF08000CCA326 /* Debug */ = {
			isa = XCBuildConfiguration;
			buildSettings = {
				INFOPLIST_FILE = FavoritesAppUITests/Info.plist;
				LD_RUNPATH_SEARCH_PATHS = "$(inherited) @executable_path/Frameworks @loader_path/Frameworks";
				PRODUCT_BUNDLE_IDENTIFIER = CU.FavoritesAppUITests;
				PRODUCT_NAME = "$(TARGET_NAME)";
				TEST_TARGET_NAME = FavoritesApp;
			};
			name = Debug;
		};
		13A133831D9AF08000CCA326 /* Release */ = {
			isa = XCBuildConfiguration;
			buildSettings = {
				INFOPLIST_FILE = FavoritesAppUITests/Info.plist;
				LD_RUNPATH_SEARCH_PATHS = "$(inherited) @executable_path/Frameworks @loader_path/Frameworks";
				PRODUCT_BUNDLE_IDENTIFIER = CU.FavoritesAppUITests;
				PRODUCT_NAME = "$(TARGET_NAME)";
				TEST_TARGET_NAME = FavoritesApp;
			};
			name = Release;
		};
/* End XCBuildConfiguration section */

/* Begin XCConfigurationList section */
		13A1334E1D9AF08000CCA326 /* Build configuration list for PBXProject "FavoritesApp" */ = {
			isa = XCConfigurationList;
			buildConfigurations = (
				13A133791D9AF08000CCA326 /* Debug */,
				13A1337A1D9AF08000CCA326 /* Release */,
			);
			defaultConfigurationIsVisible = 0;
			defaultConfigurationName = Release;
		};
		13A1337B1D9AF08000CCA326 /* Build configuration list for PBXNativeTarget "FavoritesApp" */ = {
			isa = XCConfigurationList;
			buildConfigurations = (
				13A1337C1D9AF08000CCA326 /* Debug */,
				13A1337D1D9AF08000CCA326 /* Release */,
			);
			defaultConfigurationIsVisible = 0;
			defaultConfigurationName = Release;
		};
		13A1337E1D9AF08000CCA326 /* Build configuration list for PBXNativeTarget "FavoritesAppTests" */ = {
			isa = XCConfigurationList;
			buildConfigurations = (
				13A1337F1D9AF08000CCA326 /* Debug */,
				13A133801D9AF08000CCA326 /* Release */,
			);
			defaultConfigurationIsVisible = 0;
			defaultConfigurationName = Release;
		};
		13A133811D9AF08000CCA326 /* Build configuration list for PBXNativeTarget "FavoritesAppUITests" */ = {
			isa = XCConfigurationList;
			buildConfigurations = (
				13A133821D9AF08000CCA326 /* Debug */,
				13A133831D9AF08000CCA326 /* Release */,
			);
			defaultConfigurationIsVisible = 0;
			defaultConfigurationName = Release;
		};
/* End XCConfigurationList section */
	};
	rootObject = 13A1334B1D9AF08000CCA326 /* Project object */;
}
