// !$*UTF8*$!
{
	archiveVersion = 1;
	classes = {
	};
	objectVersion = 46;
	objects = {

/* Begin PBXBuildFile section */
		860329D21E148E6B0097289E /* StudentUtil.swift in Sources */ = {isa = PBXBuildFile; fileRef = 860329D11E148E6B0097289E /* StudentUtil.swift */; };
		86123C871D95CCF600DB98F8 /* AppDelegate.swift in Sources */ = {isa = PBXBuildFile; fileRef = 86123C861D95CCF600DB98F8 /* AppDelegate.swift */; };
		86123C891D95CCF600DB98F8 /* ViewController.swift in Sources */ = {isa = PBXBuildFile; fileRef = 86123C881D95CCF600DB98F8 /* ViewController.swift */; };
		86123C8C1D95CCF600DB98F8 /* Main.storyboard in Resources */ = {isa = PBXBuildFile; fileRef = 86123C8A1D95CCF600DB98F8 /* Main.storyboard */; };
		86123C8F1D95CCF600DB98F8 /* Lab3.xcdatamodeld in Sources */ = {isa = PBXBuildFile; fileRef = 86123C8D1D95CCF600DB98F8 /* Lab3.xcdatamodeld */; };
		86123C911D95CCF600DB98F8 /* Assets.xcassets in Resources */ = {isa = PBXBuildFile; fileRef = 86123C901D95CCF600DB98F8 /* Assets.xcassets */; };
		86123C941D95CCF600DB98F8 /* LaunchScreen.storyboard in Resources */ = {isa = PBXBuildFile; fileRef = 86123C921D95CCF600DB98F8 /* LaunchScreen.storyboard */; };
		861917851DF23553001CE91D /* Constants.swift in Sources */ = {isa = PBXBuildFile; fileRef = 861917841DF23553001CE91D /* Constants.swift */; };
		866CC7891DEE8C3E00282322 /* GoogleService-Info.plist in Resources */ = {isa = PBXBuildFile; fileRef = 866CC7881DEE8C3E00282322 /* GoogleService-Info.plist */; };
		92162C23A3B76E675D93E81C /* Pods_Lab3.framework in Frameworks */ = {isa = PBXBuildFile; fileRef = 787A34DBCD8E6E5D5673B534 /* Pods_Lab3.framework */; };
/* End PBXBuildFile section */

/* Begin PBXFileReference section */
		0786225B6BD557F392089B1D /* Pods-Lab3.debug.xcconfig */ = {isa = PBXFileReference; includeInIndex = 1; lastKnownFileType = text.xcconfig; name = "Pods-Lab3.debug.xcconfig"; path = "Pods/Target Support Files/Pods-Lab3/Pods-Lab3.debug.xcconfig"; sourceTree = "<group>"; };
		787A34DBCD8E6E5D5673B534 /* Pods_Lab3.framework */ = {isa = PBXFileReference; explicitFileType = wrapper.framework; includeInIndex = 0; path = Pods_Lab3.framework; sourceTree = BUILT_PRODUCTS_DIR; };
		860329D11E148E6B0097289E /* StudentUtil.swift */ = {isa = PBXFileReference; fileEncoding = 4; lastKnownFileType = sourcecode.swift; path = StudentUtil.swift; sourceTree = "<group>"; };
		86123C831D95CCF600DB98F8 /* COLA.app */ = {isa = PBXFileReference; explicitFileType = wrapper.application; includeInIndex = 0; path = COLA.app; sourceTree = BUILT_PRODUCTS_DIR; };
		86123C861D95CCF600DB98F8 /* AppDelegate.swift */ = {isa = PBXFileReference; lastKnownFileType = sourcecode.swift; path = AppDelegate.swift; sourceTree = "<group>"; };
		86123C881D95CCF600DB98F8 /* ViewController.swift */ = {isa = PBXFileReference; lastKnownFileType = sourcecode.swift; path = ViewController.swift; sourceTree = "<group>"; };
		86123C8B1D95CCF600DB98F8 /* Base */ = {isa = PBXFileReference; lastKnownFileType = file.storyboard; name = Base; path = Base.lproj/Main.storyboard; sourceTree = "<group>"; };
		86123C8E1D95CCF600DB98F8 /* Lab3.xcdatamodel */ = {isa = PBXFileReference; lastKnownFileType = wrapper.xcdatamodel; path = Lab3.xcdatamodel; sourceTree = "<group>"; };
		86123C901D95CCF600DB98F8 /* Assets.xcassets */ = {isa = PBXFileReference; lastKnownFileType = folder.assetcatalog; path = Assets.xcassets; sourceTree = "<group>"; };
		86123C931D95CCF600DB98F8 /* Base */ = {isa = PBXFileReference; lastKnownFileType = file.storyboard; name = Base; path = Base.lproj/LaunchScreen.storyboard; sourceTree = "<group>"; };
		86123C951D95CCF600DB98F8 /* Info.plist */ = {isa = PBXFileReference; lastKnownFileType = text.plist.xml; path = Info.plist; sourceTree = "<group>"; };
		861917841DF23553001CE91D /* Constants.swift */ = {isa = PBXFileReference; fileEncoding = 4; lastKnownFileType = sourcecode.swift; path = Constants.swift; sourceTree = "<group>"; };
		866CC7881DEE8C3E00282322 /* GoogleService-Info.plist */ = {isa = PBXFileReference; fileEncoding = 4; lastKnownFileType = text.plist.xml; path = "GoogleService-Info.plist"; sourceTree = "<group>"; };
		C4369FF90F3BDD1B1A64E64A /* Pods-Lab3.release.xcconfig */ = {isa = PBXFileReference; includeInIndex = 1; lastKnownFileType = text.xcconfig; name = "Pods-Lab3.release.xcconfig"; path = "Pods/Target Support Files/Pods-Lab3/Pods-Lab3.release.xcconfig"; sourceTree = "<group>"; };
/* End PBXFileReference section */

/* Begin PBXFrameworksBuildPhase section */
		86123C801D95CCF600DB98F8 /* Frameworks */ = {
			isa = PBXFrameworksBuildPhase;
			buildActionMask = 2147483647;
			files = (
				92162C23A3B76E675D93E81C /* Pods_Lab3.framework in Frameworks */,
			);
			runOnlyForDeploymentPostprocessing = 0;
		};
/* End PBXFrameworksBuildPhase section */

/* Begin PBXGroup section */
		1AF980732D73C26E9D70A0D5 /* Pods */ = {
			isa = PBXGroup;
			children = (
				0786225B6BD557F392089B1D /* Pods-Lab3.debug.xcconfig */,
				C4369FF90F3BDD1B1A64E64A /* Pods-Lab3.release.xcconfig */,
			);
			name = Pods;
			sourceTree = "<group>";
		};
		86123C7A1D95CCF600DB98F8 = {
			isa = PBXGroup;
			children = (
				86123C851D95CCF600DB98F8 /* Lab3 */,
				86123C841D95CCF600DB98F8 /* Products */,
				1AF980732D73C26E9D70A0D5 /* Pods */,
				CB451E2E7BFDCBE573270B5B /* Frameworks */,
			);
			sourceTree = "<group>";
		};
		86123C841D95CCF600DB98F8 /* Products */ = {
			isa = PBXGroup;
			children = (
				86123C831D95CCF600DB98F8 /* COLA.app */,
			);
			name = Products;
			sourceTree = "<group>";
		};
		86123C851D95CCF600DB98F8 /* Lab3 */ = {
			isa = PBXGroup;
			children = (
				86123C861D95CCF600DB98F8 /* AppDelegate.swift */,
				86123C881D95CCF600DB98F8 /* ViewController.swift */,
				861917841DF23553001CE91D /* Constants.swift */,
				86123C8A1D95CCF600DB98F8 /* Main.storyboard */,
				860329D11E148E6B0097289E /* StudentUtil.swift */,
				86123C901D95CCF600DB98F8 /* Assets.xcassets */,
				86123C921D95CCF600DB98F8 /* LaunchScreen.storyboard */,
				86123C951D95CCF600DB98F8 /* Info.plist */,
				866CC7881DEE8C3E00282322 /* GoogleService-Info.plist */,
				86123C8D1D95CCF600DB98F8 /* Lab3.xcdatamodeld */,
			);
			path = Lab3;
			sourceTree = "<group>";
		};
		CB451E2E7BFDCBE573270B5B /* Frameworks */ = {
			isa = PBXGroup;
			children = (
				787A34DBCD8E6E5D5673B534 /* Pods_Lab3.framework */,
			);
			name = Frameworks;
			sourceTree = "<group>";
		};
/* End PBXGroup section */

/* Begin PBXNativeTarget section */
		86123C821D95CCF600DB98F8 /* COLA */ = {
			isa = PBXNativeTarget;
			buildConfigurationList = 86123C981D95CCF600DB98F8 /* Build configuration list for PBXNativeTarget "COLA" */;
			buildPhases = (
				2B4AF0A62FE97F923E99CB7E /* [CP] Check Pods Manifest.lock */,
				86123C7F1D95CCF600DB98F8 /* Sources */,
				86123C801D95CCF600DB98F8 /* Frameworks */,
				86123C811D95CCF600DB98F8 /* Resources */,
				F8546A6A4AA78841C0DA28E4 /* [CP] Embed Pods Frameworks */,
				D2E6B5BD3A19829ED5F2E93C /* [CP] Copy Pods Resources */,
			);
			buildRules = (
			);
			dependencies = (
			);
			name = COLA;
			productName = Lab3;
			productReference = 86123C831D95CCF600DB98F8 /* COLA.app */;
			productType = "com.apple.product-type.application";
		};
/* End PBXNativeTarget section */

/* Begin PBXProject section */
		86123C7B1D95CCF600DB98F8 /* Project object */ = {
			isa = PBXProject;
			attributes = {
				LastSwiftUpdateCheck = 0730;
				LastUpgradeCheck = 0730;
				ORGANIZATIONNAME = "Rabin Ranabhat";
				TargetAttributes = {
					86123C821D95CCF600DB98F8 = {
						CreatedOnToolsVersion = 7.3.1;
						DevelopmentTeam = 46Y66KGEW3;
						LastSwiftMigration = 0820;
					};
				};
			};
			buildConfigurationList = 86123C7E1D95CCF600DB98F8 /* Build configuration list for PBXProject "COLA" */;
			compatibilityVersion = "Xcode 3.2";
			developmentRegion = English;
			hasScannedForEncodings = 0;
			knownRegions = (
				en,
				Base,
			);
			mainGroup = 86123C7A1D95CCF600DB98F8;
			productRefGroup = 86123C841D95CCF600DB98F8 /* Products */;
			projectDirPath = "";
			projectRoot = "";
			targets = (
				86123C821D95CCF600DB98F8 /* COLA */,
			);
		};
/* End PBXProject section */

/* Begin PBXResourcesBuildPhase section */
		86123C811D95CCF600DB98F8 /* Resources */ = {
			isa = PBXResourcesBuildPhase;
			buildActionMask = 2147483647;
			files = (
				86123C941D95CCF600DB98F8 /* LaunchScreen.storyboard in Resources */,
				866CC7891DEE8C3E00282322 /* GoogleService-Info.plist in Resources */,
				86123C911D95CCF600DB98F8 /* Assets.xcassets in Resources */,
				86123C8C1D95CCF600DB98F8 /* Main.storyboard in Resources */,
			);
			runOnlyForDeploymentPostprocessing = 0;
		};
/* End PBXResourcesBuildPhase section */

/* Begin PBXShellScriptBuildPhase section */
		2B4AF0A62FE97F923E99CB7E /* [CP] Check Pods Manifest.lock */ = {
			isa = PBXShellScriptBuildPhase;
			buildActionMask = 2147483647;
			files = (
			);
			inputPaths = (
			);
			name = "[CP] Check Pods Manifest.lock";
			outputPaths = (
			);
			runOnlyForDeploymentPostprocessing = 0;
			shellPath = /bin/sh;
			shellScript = "diff \"${PODS_ROOT}/../Podfile.lock\" \"${PODS_ROOT}/Manifest.lock\" > /dev/null\nif [ $? != 0 ] ; then\n    # print error to STDERR\n    echo \"error: The sandbox is not in sync with the Podfile.lock. Run 'pod install' or update your CocoaPods installation.\" >&2\n    exit 1\nfi\n";
			showEnvVarsInLog = 0;
		};
		D2E6B5BD3A19829ED5F2E93C /* [CP] Copy Pods Resources */ = {
			isa = PBXShellScriptBuildPhase;
			buildActionMask = 2147483647;
			files = (
			);
			inputPaths = (
			);
			name = "[CP] Copy Pods Resources";
			outputPaths = (
			);
			runOnlyForDeploymentPostprocessing = 0;
			shellPath = /bin/sh;
			shellScript = "\"${SRCROOT}/Pods/Target Support Files/Pods-Lab3/Pods-Lab3-resources.sh\"\n";
			showEnvVarsInLog = 0;
		};
		F8546A6A4AA78841C0DA28E4 /* [CP] Embed Pods Frameworks */ = {
			isa = PBXShellScriptBuildPhase;
			buildActionMask = 2147483647;
			files = (
			);
			inputPaths = (
			);
			name = "[CP] Embed Pods Frameworks";
			outputPaths = (
			);
			runOnlyForDeploymentPostprocessing = 0;
			shellPath = /bin/sh;
			shellScript = "\"${SRCROOT}/Pods/Target Support Files/Pods-Lab3/Pods-Lab3-frameworks.sh\"\n";
			showEnvVarsInLog = 0;
		};
/* End PBXShellScriptBuildPhase section */

/* Begin PBXSourcesBuildPhase section */
		86123C7F1D95CCF600DB98F8 /* Sources */ = {
			isa = PBXSourcesBuildPhase;
			buildActionMask = 2147483647;
			files = (
				860329D21E148E6B0097289E /* StudentUtil.swift in Sources */,
				86123C891D95CCF600DB98F8 /* ViewController.swift in Sources */,
				86123C871D95CCF600DB98F8 /* AppDelegate.swift in Sources */,
				86123C8F1D95CCF600DB98F8 /* Lab3.xcdatamodeld in Sources */,
				861917851DF23553001CE91D /* Constants.swift in Sources */,
			);
			runOnlyForDeploymentPostprocessing = 0;
		};
/* End PBXSourcesBuildPhase section */

/* Begin PBXVariantGroup section */
		86123C8A1D95CCF600DB98F8 /* Main.storyboard */ = {
			isa = PBXVariantGroup;
			children = (
				86123C8B1D95CCF600DB98F8 /* Base */,
			);
			name = Main.storyboard;
			sourceTree = "<group>";
		};
		86123C921D95CCF600DB98F8 /* LaunchScreen.storyboard */ = {
			isa = PBXVariantGroup;
			children = (
				86123C931D95CCF600DB98F8 /* Base */,
			);
			name = LaunchScreen.storyboard;
			sourceTree = "<group>";
		};
/* End PBXVariantGroup section */

/* Begin XCBuildConfiguration section */
		86123C961D95CCF600DB98F8 /* Debug */ = {
			isa = XCBuildConfiguration;
			buildSettings = {
				ALWAYS_SEARCH_USER_PATHS = NO;
				CLANG_ANALYZER_NONNULL = YES;
				CLANG_CXX_LANGUAGE_STANDARD = "gnu++0x";
				CLANG_CXX_LIBRARY = "libc++";
				CLANG_ENABLE_MODULES = YES;
				CLANG_ENABLE_OBJC_ARC = YES;
				CLANG_WARN_BOOL_CONVERSION = YES;
				CLANG_WARN_CONSTANT_CONVERSION = YES;
				CLANG_WARN_DIRECT_OBJC_ISA_USAGE = YES_ERROR;
				CLANG_WARN_EMPTY_BODY = YES;
				CLANG_WARN_ENUM_CONVERSION = YES;
				CLANG_WARN_INT_CONVERSION = YES;
				CLANG_WARN_OBJC_ROOT_CLASS = YES_ERROR;
				CLANG_WARN_UNREACHABLE_CODE = YES;
				CLANG_WARN__DUPLICATE_METHOD_MATCH = YES;
				"CODE_SIGN_IDENTITY[sdk=iphoneos*]" = "iPhone Developer";
				COPY_PHASE_STRIP = NO;
				DEBUG_INFORMATION_FORMAT = dwarf;
				ENABLE_STRICT_OBJC_MSGSEND = YES;
				ENABLE_TESTABILITY = YES;
				GCC_C_LANGUAGE_STANDARD = gnu99;
				GCC_DYNAMIC_NO_PIC = NO;
				GCC_NO_COMMON_BLOCKS = YES;
				GCC_OPTIMIZATION_LEVEL = 0;
				GCC_PREPROCESSOR_DEFINITIONS = (
					"DEBUG=1",
					"$(inherited)",
				);
				GCC_WARN_64_TO_32_BIT_CONVERSION = YES;
				GCC_WARN_ABOUT_RETURN_TYPE = YES_ERROR;
				GCC_WARN_UNDECLARED_SELECTOR = YES;
				GCC_WARN_UNINITIALIZED_AUTOS = YES_AGGRESSIVE;
				GCC_WARN_UNUSED_FUNCTION = YES;
				GCC_WARN_UNUSED_VARIABLE = YES;
				IPHONEOS_DEPLOYMENT_TARGET = 9.3;
				MTL_ENABLE_DEBUG_INFO = YES;
				ONLY_ACTIVE_ARCH = YES;
				SDKROOT = iphoneos;
				SWIFT_OPTIMIZATION_LEVEL = "-Onone";
				TARGETED_DEVICE_FAMILY = "1,2";
			};
			name = Debug;
		};
		86123C971D95CCF600DB98F8 /* Release */ = {
			isa = XCBuildConfiguration;
			buildSettings = {
				ALWAYS_SEARCH_USER_PATHS = NO;
				CLANG_ANALYZER_NONNULL = YES;
				CLANG_CXX_LANGUAGE_STANDARD = "gnu++0x";
				CLANG_CXX_LIBRARY = "libc++";
				CLANG_ENABLE_MODULES = YES;
				CLANG_ENABLE_OBJC_ARC = YES;
				CLANG_WARN_BOOL_CONVERSION = YES;
				CLANG_WARN_CONSTANT_CONVERSION = YES;
				CLANG_WARN_DIRECT_OBJC_ISA_USAGE = YES_ERROR;
				CLANG_WARN_EMPTY_BODY = YES;
				CLANG_WARN_ENUM_CONVERSION = YES;
				CLANG_WARN_INT_CONVERSION = YES;
				CLANG_WARN_OBJC_ROOT_CLASS = YES_ERROR;
				CLANG_WARN_UNREACHABLE_CODE = YES;
				CLANG_WARN__DUPLICATE_METHOD_MATCH = YES;
				"CODE_SIGN_IDENTITY[sdk=iphoneos*]" = "iPhone Developer";
				COPY_PHASE_STRIP = NO;
				DEBUG_INFORMATION_FORMAT = "dwarf-with-dsym";
				ENABLE_NS_ASSERTIONS = NO;
				ENABLE_STRICT_OBJC_MSGSEND = YES;
				GCC_C_LANGUAGE_STANDARD = gnu99;
				GCC_NO_COMMON_BLOCKS = YES;
				GCC_WARN_64_TO_32_BIT_CONVERSION = YES;
				GCC_WARN_ABOUT_RETURN_TYPE = YES_ERROR;
				GCC_WARN_UNDECLARED_SELECTOR = YES;
				GCC_WARN_UNINITIALIZED_AUTOS = YES_AGGRESSIVE;
				GCC_WARN_UNUSED_FUNCTION = YES;
				GCC_WARN_UNUSED_VARIABLE = YES;
				IPHONEOS_DEPLOYMENT_TARGET = 9.3;
				MTL_ENABLE_DEBUG_INFO = NO;
				SDKROOT = iphoneos;
				TARGETED_DEVICE_FAMILY = "1,2";
				VALIDATE_PRODUCT = YES;
			};
			name = Release;
		};
		86123C991D95CCF600DB98F8 /* Debug */ = {
			isa = XCBuildConfiguration;
			baseConfigurationReference = 0786225B6BD557F392089B1D /* Pods-Lab3.debug.xcconfig */;
			buildSettings = {
				ASSETCATALOG_COMPILER_APPICON_NAME = AppIcon;
				INFOPLIST_FILE = Lab3/Info.plist;
				LD_RUNPATH_SEARCH_PATHS = "$(inherited) @executable_path/Frameworks";
				PRODUCT_BUNDLE_IDENTIFIER = RR.Lab3;
				PRODUCT_NAME = "$(TARGET_NAME)";
				SWIFT_VERSION = 3.0;
			};
			name = Debug;
		};
		86123C9A1D95CCF600DB98F8 /* Release */ = {
			isa = XCBuildConfiguration;
			baseConfigurationReference = C4369FF90F3BDD1B1A64E64A /* Pods-Lab3.release.xcconfig */;
			buildSettings = {
				ASSETCATALOG_COMPILER_APPICON_NAME = AppIcon;
				INFOPLIST_FILE = Lab3/Info.plist;
				LD_RUNPATH_SEARCH_PATHS = "$(inherited) @executable_path/Frameworks";
				PRODUCT_BUNDLE_IDENTIFIER = RR.Lab3;
				PRODUCT_NAME = "$(TARGET_NAME)";
				SWIFT_VERSION = 3.0;
			};
			name = Release;
		};
/* End XCBuildConfiguration section */

/* Begin XCConfigurationList section */
		86123C7E1D95CCF600DB98F8 /* Build configuration list for PBXProject "COLA" */ = {
			isa = XCConfigurationList;
			buildConfigurations = (
				86123C961D95CCF600DB98F8 /* Debug */,
				86123C971D95CCF600DB98F8 /* Release */,
			);
			defaultConfigurationIsVisible = 0;
			defaultConfigurationName = Release;
		};
		86123C981D95CCF600DB98F8 /* Build configuration list for PBXNativeTarget "COLA" */ = {
			isa = XCConfigurationList;
			buildConfigurations = (
				86123C991D95CCF600DB98F8 /* Debug */,
				86123C9A1D95CCF600DB98F8 /* Release */,
			);
			defaultConfigurationIsVisible = 0;
			defaultConfigurationName = Release;
		};
/* End XCConfigurationList section */

/* Begin XCVersionGroup section */
		86123C8D1D95CCF600DB98F8 /* Lab3.xcdatamodeld */ = {
			isa = XCVersionGroup;
			children = (
				86123C8E1D95CCF600DB98F8 /* Lab3.xcdatamodel */,
			);
			currentVersion = 86123C8E1D95CCF600DB98F8 /* Lab3.xcdatamodel */;
			path = Lab3.xcdatamodeld;
			sourceTree = "<group>";
			versionGroupType = wrapper.xcdatamodel;
		};
/* End XCVersionGroup section */
	};
	rootObject = 86123C7B1D95CCF600DB98F8 /* Project object */;
}
