// !$*UTF8*$!
{
	archiveVersion = 1;
	classes = {
	};
	objectVersion = 46;
	objects = {

/* Begin PBXBuildFile section */
		13ECDB8F1DA422E900CBBDE1 /* AppDelegate.swift in Sources */ = {isa = PBXBuildFile; fileRef = 13ECDB8E1DA422E900CBBDE1 /* AppDelegate.swift */; };
		13ECDB911DA422E900CBBDE1 /* ViewController.swift in Sources */ = {isa = PBXBuildFile; fileRef = 13ECDB901DA422E900CBBDE1 /* ViewController.swift */; };
		13ECDB941DA422E900CBBDE1 /* Main.storyboard in Resources */ = {isa = PBXBuildFile; fileRef = 13ECDB921DA422E900CBBDE1 /* Main.storyboard */; };
		13ECDB971DA422E900CBBDE1 /* location.xcdatamodeld in Sources */ = {isa = PBXBuildFile; fileRef = 13ECDB951DA422E900CBBDE1 /* location.xcdatamodeld */; };
		13ECDB991DA422E900CBBDE1 /* Assets.xcassets in Resources */ = {isa = PBXBuildFile; fileRef = 13ECDB981DA422E900CBBDE1 /* Assets.xcassets */; };
		13ECDB9C1DA422E900CBBDE1 /* LaunchScreen.storyboard in Resources */ = {isa = PBXBuildFile; fileRef = 13ECDB9A1DA422E900CBBDE1 /* LaunchScreen.storyboard */; };
		13ECDBA41DA424DC00CBBDE1 /* MapKit.framework in Frameworks */ = {isa = PBXBuildFile; fileRef = 13ECDBA31DA424DC00CBBDE1 /* MapKit.framework */; };
		13ECDBA61DA424E700CBBDE1 /* CoreLocation.framework in Frameworks */ = {isa = PBXBuildFile; fileRef = 13ECDBA51DA424E700CBBDE1 /* CoreLocation.framework */; };
/* End PBXBuildFile section */

/* Begin PBXFileReference section */
		13ECDB8B1DA422E900CBBDE1 /* location.app */ = {isa = PBXFileReference; explicitFileType = wrapper.application; includeInIndex = 0; path = location.app; sourceTree = BUILT_PRODUCTS_DIR; };
		13ECDB8E1DA422E900CBBDE1 /* AppDelegate.swift */ = {isa = PBXFileReference; lastKnownFileType = sourcecode.swift; path = AppDelegate.swift; sourceTree = "<group>"; };
		13ECDB901DA422E900CBBDE1 /* ViewController.swift */ = {isa = PBXFileReference; lastKnownFileType = sourcecode.swift; path = ViewController.swift; sourceTree = "<group>"; };
		13ECDB931DA422E900CBBDE1 /* Base */ = {isa = PBXFileReference; lastKnownFileType = file.storyboard; name = Base; path = Base.lproj/Main.storyboard; sourceTree = "<group>"; };
		13ECDB961DA422E900CBBDE1 /* location.xcdatamodel */ = {isa = PBXFileReference; lastKnownFileType = wrapper.xcdatamodel; path = location.xcdatamodel; sourceTree = "<group>"; };
		13ECDB981DA422E900CBBDE1 /* Assets.xcassets */ = {isa = PBXFileReference; lastKnownFileType = folder.assetcatalog; path = Assets.xcassets; sourceTree = "<group>"; };
		13ECDB9B1DA422E900CBBDE1 /* Base */ = {isa = PBXFileReference; lastKnownFileType = file.storyboard; name = Base; path = Base.lproj/LaunchScreen.storyboard; sourceTree = "<group>"; };
		13ECDB9D1DA422E900CBBDE1 /* Info.plist */ = {isa = PBXFileReference; lastKnownFileType = text.plist.xml; path = Info.plist; sourceTree = "<group>"; };
		13ECDBA31DA424DC00CBBDE1 /* MapKit.framework */ = {isa = PBXFileReference; lastKnownFileType = wrapper.framework; name = MapKit.framework; path = System/Library/Frameworks/MapKit.framework; sourceTree = SDKROOT; };
		13ECDBA51DA424E700CBBDE1 /* CoreLocation.framework */ = {isa = PBXFileReference; lastKnownFileType = wrapper.framework; name = CoreLocation.framework; path = System/Library/Frameworks/CoreLocation.framework; sourceTree = SDKROOT; };
/* End PBXFileReference section */

/* Begin PBXFrameworksBuildPhase section */
		13ECDB881DA422E900CBBDE1 /* Frameworks */ = {
			isa = PBXFrameworksBuildPhase;
			buildActionMask = 2147483647;
			files = (
				13ECDBA61DA424E700CBBDE1 /* CoreLocation.framework in Frameworks */,
				13ECDBA41DA424DC00CBBDE1 /* MapKit.framework in Frameworks */,
			);
			runOnlyForDeploymentPostprocessing = 0;
		};
/* End PBXFrameworksBuildPhase section */

/* Begin PBXGroup section */
		13ECDB821DA422E900CBBDE1 = {
			isa = PBXGroup;
			children = (
				13ECDBA51DA424E700CBBDE1 /* CoreLocation.framework */,
				13ECDBA31DA424DC00CBBDE1 /* MapKit.framework */,
				13ECDB8D1DA422E900CBBDE1 /* location */,
				13ECDB8C1DA422E900CBBDE1 /* Products */,
			);
			sourceTree = "<group>";
		};
		13ECDB8C1DA422E900CBBDE1 /* Products */ = {
			isa = PBXGroup;
			children = (
				13ECDB8B1DA422E900CBBDE1 /* location.app */,
			);
			name = Products;
			sourceTree = "<group>";
		};
		13ECDB8D1DA422E900CBBDE1 /* location */ = {
			isa = PBXGroup;
			children = (
				13ECDB8E1DA422E900CBBDE1 /* AppDelegate.swift */,
				13ECDB901DA422E900CBBDE1 /* ViewController.swift */,
				13ECDB921DA422E900CBBDE1 /* Main.storyboard */,
				13ECDB981DA422E900CBBDE1 /* Assets.xcassets */,
				13ECDB9A1DA422E900CBBDE1 /* LaunchScreen.storyboard */,
				13ECDB9D1DA422E900CBBDE1 /* Info.plist */,
				13ECDB951DA422E900CBBDE1 /* location.xcdatamodeld */,
			);
			path = location;
			sourceTree = "<group>";
		};
/* End PBXGroup section */

/* Begin PBXNativeTarget section */
		13ECDB8A1DA422E900CBBDE1 /* location */ = {
			isa = PBXNativeTarget;
			buildConfigurationList = 13ECDBA01DA422E900CBBDE1 /* Build configuration list for PBXNativeTarget "location" */;
			buildPhases = (
				13ECDB871DA422E900CBBDE1 /* Sources */,
				13ECDB881DA422E900CBBDE1 /* Frameworks */,
				13ECDB891DA422E900CBBDE1 /* Resources */,
			);
			buildRules = (
			);
			dependencies = (
			);
			name = location;
			productName = location;
			productReference = 13ECDB8B1DA422E900CBBDE1 /* location.app */;
			productType = "com.apple.product-type.application";
		};
/* End PBXNativeTarget section */

/* Begin PBXProject section */
		13ECDB831DA422E900CBBDE1 /* Project object */ = {
			isa = PBXProject;
			attributes = {
				LastSwiftUpdateCheck = 0730;
				LastUpgradeCheck = 0730;
				ORGANIZATIONNAME = "Rabin Ranabhat";
				TargetAttributes = {
					13ECDB8A1DA422E900CBBDE1 = {
						CreatedOnToolsVersion = 7.3.1;
					};
				};
			};
			buildConfigurationList = 13ECDB861DA422E900CBBDE1 /* Build configuration list for PBXProject "location" */;
			compatibilityVersion = "Xcode 3.2";
			developmentRegion = English;
			hasScannedForEncodings = 0;
			knownRegions = (
				en,
				Base,
			);
			mainGroup = 13ECDB821DA422E900CBBDE1;
			productRefGroup = 13ECDB8C1DA422E900CBBDE1 /* Products */;
			projectDirPath = "";
			projectRoot = "";
			targets = (
				13ECDB8A1DA422E900CBBDE1 /* location */,
			);
		};
/* End PBXProject section */

/* Begin PBXResourcesBuildPhase section */
		13ECDB891DA422E900CBBDE1 /* Resources */ = {
			isa = PBXResourcesBuildPhase;
			buildActionMask = 2147483647;
			files = (
				13ECDB9C1DA422E900CBBDE1 /* LaunchScreen.storyboard in Resources */,
				13ECDB991DA422E900CBBDE1 /* Assets.xcassets in Resources */,
				13ECDB941DA422E900CBBDE1 /* Main.storyboard in Resources */,
			);
			runOnlyForDeploymentPostprocessing = 0;
		};
/* End PBXResourcesBuildPhase section */

/* Begin PBXSourcesBuildPhase section */
		13ECDB871DA422E900CBBDE1 /* Sources */ = {
			isa = PBXSourcesBuildPhase;
			buildActionMask = 2147483647;
			files = (
				13ECDB911DA422E900CBBDE1 /* ViewController.swift in Sources */,
				13ECDB971DA422E900CBBDE1 /* location.xcdatamodeld in Sources */,
				13ECDB8F1DA422E900CBBDE1 /* AppDelegate.swift in Sources */,
			);
			runOnlyForDeploymentPostprocessing = 0;
		};
/* End PBXSourcesBuildPhase section */

/* Begin PBXVariantGroup section */
		13ECDB921DA422E900CBBDE1 /* Main.storyboard */ = {
			isa = PBXVariantGroup;
			children = (
				13ECDB931DA422E900CBBDE1 /* Base */,
			);
			name = Main.storyboard;
			sourceTree = "<group>";
		};
		13ECDB9A1DA422E900CBBDE1 /* LaunchScreen.storyboard */ = {
			isa = PBXVariantGroup;
			children = (
				13ECDB9B1DA422E900CBBDE1 /* Base */,
			);
			name = LaunchScreen.storyboard;
			sourceTree = "<group>";
		};
/* End PBXVariantGroup section */

/* Begin XCBuildConfiguration section */
		13ECDB9E1DA422E900CBBDE1 /* Debug */ = {
			isa = XCBuildConfiguration;
			buildSettings = {
				ALWAYS_SEARCH_USER_PATHS = NO;
				CLANG_ANALYZER_NONNULL = YES;
				CLANG_CXX_LANGUAGE_STANDARD = "gnu++0x";
				CLANG_CXX_LIBRARY = "libc++";
				CLANG_ENABLE_MODULES = YES;
				CLANG_ENABLE_OBJC_ARC = YES;
				CLANG_WARN_BOOL_CONVERSION = YES;
				CLANG_WARN_CONSTANT_CONVERSION = YES;
				CLANG_WARN_DIRECT_OBJC_ISA_USAGE = YES_ERROR;
				CLANG_WARN_EMPTY_BODY = YES;
				CLANG_WARN_ENUM_CONVERSION = YES;
				CLANG_WARN_INT_CONVERSION = YES;
				CLANG_WARN_OBJC_ROOT_CLASS = YES_ERROR;
				CLANG_WARN_UNREACHABLE_CODE = YES;
				CLANG_WARN__DUPLICATE_METHOD_MATCH = YES;
				"CODE_SIGN_IDENTITY[sdk=iphoneos*]" = "iPhone Developer";
				COPY_PHASE_STRIP = NO;
				DEBUG_INFORMATION_FORMAT = dwarf;
				ENABLE_STRICT_OBJC_MSGSEND = YES;
				ENABLE_TESTABILITY = YES;
				GCC_C_LANGUAGE_STANDARD = gnu99;
				GCC_DYNAMIC_NO_PIC = NO;
				GCC_NO_COMMON_BLOCKS = YES;
				GCC_OPTIMIZATION_LEVEL = 0;
				GCC_PREPROCESSOR_DEFINITIONS = (
					"DEBUG=1",
					"$(inherited)",
				);
				GCC_WARN_64_TO_32_BIT_CONVERSION = YES;
				GCC_WARN_ABOUT_RETURN_TYPE = YES_ERROR;
				GCC_WARN_UNDECLARED_SELECTOR = YES;
				GCC_WARN_UNINITIALIZED_AUTOS = YES_AGGRESSIVE;
				GCC_WARN_UNUSED_FUNCTION = YES;
				GCC_WARN_UNUSED_VARIABLE = YES;
				IPHONEOS_DEPLOYMENT_TARGET = 9.3;
				MTL_ENABLE_DEBUG_INFO = YES;
				ONLY_ACTIVE_ARCH = YES;
				SDKROOT = iphoneos;
				SWIFT_OPTIMIZATION_LEVEL = "-Onone";
				TARGETED_DEVICE_FAMILY = "1,2";
			};
			name = Debug;
		};
		13ECDB9F1DA422E900CBBDE1 /* Release */ = {
			isa = XCBuildConfiguration;
			buildSettings = {
				ALWAYS_SEARCH_USER_PATHS = NO;
				CLANG_ANALYZER_NONNULL = YES;
				CLANG_CXX_LANGUAGE_STANDARD = "gnu++0x";
				CLANG_CXX_LIBRARY = "libc++";
				CLANG_ENABLE_MODULES = YES;
				CLANG_ENABLE_OBJC_ARC = YES;
				CLANG_WARN_BOOL_CONVERSION = YES;
				CLANG_WARN_CONSTANT_CONVERSION = YES;
				CLANG_WARN_DIRECT_OBJC_ISA_USAGE = YES_ERROR;
				CLANG_WARN_EMPTY_BODY = YES;
				CLANG_WARN_ENUM_CONVERSION = YES;
				CLANG_WARN_INT_CONVERSION = YES;
				CLANG_WARN_OBJC_ROOT_CLASS = YES_ERROR;
				CLANG_WARN_UNREACHABLE_CODE = YES;
				CLANG_WARN__DUPLICATE_METHOD_MATCH = YES;
				"CODE_SIGN_IDENTITY[sdk=iphoneos*]" = "iPhone Developer";
				COPY_PHASE_STRIP = NO;
				DEBUG_INFORMATION_FORMAT = "dwarf-with-dsym";
				ENABLE_NS_ASSERTIONS = NO;
				ENABLE_STRICT_OBJC_MSGSEND = YES;
				GCC_C_LANGUAGE_STANDARD = gnu99;
				GCC_NO_COMMON_BLOCKS = YES;
				GCC_WARN_64_TO_32_BIT_CONVERSION = YES;
				GCC_WARN_ABOUT_RETURN_TYPE = YES_ERROR;
				GCC_WARN_UNDECLARED_SELECTOR = YES;
				GCC_WARN_UNINITIALIZED_AUTOS = YES_AGGRESSIVE;
				GCC_WARN_UNUSED_FUNCTION = YES;
				GCC_WARN_UNUSED_VARIABLE = YES;
				IPHONEOS_DEPLOYMENT_TARGET = 9.3;
				MTL_ENABLE_DEBUG_INFO = NO;
				SDKROOT = iphoneos;
				TARGETED_DEVICE_FAMILY = "1,2";
				VALIDATE_PRODUCT = YES;
			};
			name = Release;
		};
		13ECDBA11DA422E900CBBDE1 /* Debug */ = {
			isa = XCBuildConfiguration;
			buildSettings = {
				ASSETCATALOG_COMPILER_APPICON_NAME = AppIcon;
				INFOPLIST_FILE = location/Info.plist;
				LD_RUNPATH_SEARCH_PATHS = "$(inherited) @executable_path/Frameworks";
				PRODUCT_BUNDLE_IDENTIFIER = RR.location;
				PRODUCT_NAME = "$(TARGET_NAME)";
			};
			name = Debug;
		};
		13ECDBA21DA422E900CBBDE1 /* Release */ = {
			isa = XCBuildConfiguration;
			buildSettings = {
				ASSETCATALOG_COMPILER_APPICON_NAME = AppIcon;
				INFOPLIST_FILE = location/Info.plist;
				LD_RUNPATH_SEARCH_PATHS = "$(inherited) @executable_path/Frameworks";
				PRODUCT_BUNDLE_IDENTIFIER = RR.location;
				PRODUCT_NAME = "$(TARGET_NAME)";
			};
			name = Release;
		};
/* End XCBuildConfiguration section */

/* Begin XCConfigurationList section */
		13ECDB861DA422E900CBBDE1 /* Build configuration list for PBXProject "location" */ = {
			isa = XCConfigurationList;
			buildConfigurations = (
				13ECDB9E1DA422E900CBBDE1 /* Debug */,
				13ECDB9F1DA422E900CBBDE1 /* Release */,
			);
			defaultConfigurationIsVisible = 0;
			defaultConfigurationName = Release;
		};
		13ECDBA01DA422E900CBBDE1 /* Build configuration list for PBXNativeTarget "location" */ = {
			isa = XCConfigurationList;
			buildConfigurations = (
				13ECDBA11DA422E900CBBDE1 /* Debug */,
				13ECDBA21DA422E900CBBDE1 /* Release */,
			);
			defaultConfigurationIsVisible = 0;
		};
/* End XCConfigurationList section */

/* Begin XCVersionGroup section */
		13ECDB951DA422E900CBBDE1 /* location.xcdatamodeld */ = {
			isa = XCVersionGroup;
			children = (
				13ECDB961DA422E900CBBDE1 /* location.xcdatamodel */,
			);
			currentVersion = 13ECDB961DA422E900CBBDE1 /* location.xcdatamodel */;
			path = location.xcdatamodeld;
			sourceTree = "<group>";
			versionGroupType = wrapper.xcdatamodel;
		};
/* End XCVersionGroup section */
	};
	rootObject = 13ECDB831DA422E900CBBDE1 /* Project object */;
}
